
Microsoft Visual Studio Solution File, Format Version 12.00
# Visual Studio Version 16
VisualStudioVersion = 16.0.29709.97
MinimumVisualStudioVersion = 10.0.40219.1
Project("{FAE04EC0-301F-11D3-BF4B-00C04F79EFBC}") = "ScreenAutoRotate", "ScreenAutoRotate.csproj", "{549341C2-FDBC-46CD-A3B6-3063417FF079}"
EndProject
Global
	GlobalSection(SolutionConfigurationPlatforms) = preSolution
		Debug|Any CPU = Debug|Any CPU
		Release|Any CPU = Release|Any CPU
	EndGlobalSection
	GlobalSection(ProjectConfigurationPlatforms) = postSolution
		{549341C2-FDBC-46CD-A3B6-3063417FF079}.Debug|Any CPU.ActiveCfg = Debug|Any CPU
		{549341C2-FDBC-46CD-A3B6-3063417FF079}.Debug|Any CPU.Build.0 = Debug|Any CPU
		{549341C2-FDBC-46CD-A3B6-3063417FF079}.Release|Any CPU.ActiveCfg = Release|Any CPU
		{549341C2-FDBC-46CD-A3B6-3063417FF079}.Release|Any CPU.Build.0 = Release|Any CPU
	EndGlobalSection
	GlobalSection(SolutionProperties) = preSolution
		HideSolutionNode = FALSE
	EndGlobalSection
	GlobalSection(ExtensibilityGlobals) = postSolution
		SolutionGuid = {B40769DC-43E0-40C0-9210-099A1B812055}
	EndGlobalSection
EndGlobal
